
Microsoft Visual Studio Solution File, Format Version 12.00
# Visual Studio Version 17
VisualStudioVersion = 17.10.34928.147
MinimumVisualStudioVersion = 10.0.40219.1
Project("{FAE04EC0-301F-11D3-BF4B-00C04F79EFBC}") = "Project2", "Project2\Project2.csproj", "{7426C254-C2B6-4EDA-9C7E-9090179D03A6}"
EndProject
Global
	GlobalSection(SolutionConfigurationPlatforms) = preSolution
		Debug|Any CPU = Debug|Any CPU
		Release|Any CPU = Release|Any CPU
	EndGlobalSection
	GlobalSection(ProjectConfigurationPlatforms) = postSolution
		{7426C254-C2B6-4EDA-9C7E-9090179D03A6}.Debug|Any CPU.ActiveCfg = Debug|Any CPU
		{7426C254-C2B6-4EDA-9C7E-9090179D03A6}.Debug|Any CPU.Build.0 = Debug|Any CPU
		{7426C254-C2B6-4EDA-9C7E-9090179D03A6}.Debug|Any CPU.Deploy.0 = Debug|Any CPU
		{7426C254-C2B6-4EDA-9C7E-9090179D03A6}.Release|Any CPU.ActiveCfg = Release|Any CPU
		{7426C254-C2B6-4EDA-9C7E-9090179D03A6}.Release|Any CPU.Build.0 = Release|Any CPU
		{7426C254-C2B6-4EDA-9C7E-9090179D03A6}.Release|Any CPU.Deploy.0 = Release|Any CPU
	EndGlobalSection
	GlobalSection(SolutionProperties) = preSolution
		HideSolutionNode = FALSE
	EndGlobalSection
	GlobalSection(ExtensibilityGlobals) = postSolution
		SolutionGuid = {40CD3494-A051-4E9E-AA59-1BF93E13F72C}
	EndGlobalSection
EndGlobal
